{
  "name": "wc-glimmerjs-clock",
  "version": "0.0.0",
  "lockfileVersion": 1,
  "requires": true,
  "dependencies": {
    "@glimmer/web-component": {
      "version": "0.3.1",
      "resolved": "https://registry.npmjs.org/@glimmer/web-component/-/web-component-0.3.1.tgz",
      "integrity": "sha512-FsjQp1BVx9ORsTvDFWS1YmJzMRoK3UyPvxz8R8ZhH1kyUx+89Q1wC+1dxz8SWaHA0QgGHStlZW8NnmOTRNlTwg==",
      "dev": true
    }
  }
}
